<?xml version="1.0" encoding="utf-8"?>
<Project ToolsVersion="4.0" xmlns="http://schemas.microsoft.com/developer/msbuild/2003">
  <ItemGroup>
    <Filter Include="misc">
      <UniqueIdentifier>{b8eca352-4f4d-4400-9653-39afc5c0c27a}</UniqueIdentifier>
    </Filter>
    <Filter Include="misc\inc">
      <UniqueIdentifier>{b20611e5-9272-48df-a214-d632d6b4bef8}</UniqueIdentifier>
    </Filter>
    <Filter Include="misc\src">
      <UniqueIdentifier>{d18f571e-eb69-4175-98c7-c03ac925a97c}</UniqueIdentifier>
    </Filter>
    <Filter Include="main">
      <UniqueIdentifier>{a9373cdd-21d2-4b1f-866e-2a9862e3848d}</UniqueIdentifier>
    </Filter>
    <Filter Include="main\inc">
      <UniqueIdentifier>{93995380-89BD-4b04-88EB-625FBE52EBFB}</UniqueIdentifier>
      <Extensions>h;hh;hpp;hxx;hm;inl;inc;xsd</Extensions>
    </Filter>
    <Filter Include="main\src">
      <UniqueIdentifier>{4FC737F1-C7A5-4376-A066-2A32D752A2FF}</UniqueIdentifier>
      <Extensions>cpp;c;cc;cxx;def;odl;idl;hpj;bat;asm;asmx</Extensions>
    </Filter>
    <Filter Include="misc\other">
      <UniqueIdentifier>{425bd5d1-5dfd-46f6-a08b-070b536ea62d}</UniqueIdentifier>
    </Filter>
    <Filter Include="effect">
      <UniqueIdentifier>{7f6f9a89-b258-40b3-b58f-dac3acffdd00}</UniqueIdentifier>
    </Filter>
    <Filter Include="effect\utils">
      <UniqueIdentifier>{e472cf0c-4fa4-4213-a495-ad58f1afa77d}</UniqueIdentifier>
    </Filter>
    <Filter Include="effect\NormalMap">
      <UniqueIdentifier>{2a2d99a0-57b9-4cbc-b22a-fc877c95ee88}</UniqueIdentifier>
    </Filter>
    <Filter Include="effect\NormalMap\data">
      <UniqueIdentifier>{f8afdb06-94a5-4027-837b-8d52840833b3}</UniqueIdentifier>
    </Filter>
    <Filter Include="effect\PostProcess">
      <UniqueIdentifier>{960a8f7b-1190-451b-b987-7249a9d95677}</UniqueIdentifier>
    </Filter>
    <Filter Include="effect\PostProcess\effect">
      <UniqueIdentifier>{e17b0796-6891-4544-b256-82ab9ecbfda4}</UniqueIdentifier>
    </Filter>
    <Filter Include="effect\shaders">
      <UniqueIdentifier>{5c50d4dc-8e82-4aab-b9fc-98676ecfbaee}</UniqueIdentifier>
    </Filter>
    <Filter Include="effect\ShadowVolume">
      <UniqueIdentifier>{5fe4aa28-1a02-47f4-ad89-a7e87b0848d4}</UniqueIdentifier>
    </Filter>
    <Filter Include="effect\ShadowVolume\data">
      <UniqueIdentifier>{e62b70aa-e618-47d3-82c9-593612f69c8d}</UniqueIdentifier>
    </Filter>
    <Filter Include="effect\HDR">
      <UniqueIdentifier>{5109dc9e-6894-4a1a-b854-0bfc67fd6763}</UniqueIdentifier>
    </Filter>
  </ItemGroup>
  <ItemGroup>
    <ClCompile Include="..\src\Direct3D8.cpp">
      <Filter>main\src</Filter>
    </ClCompile>
    <ClCompile Include="..\src\Direct3DBaseTexture8.cpp">
      <Filter>main\src</Filter>
    </ClCompile>
    <ClCompile Include="..\src\Direct3DCubeTexture8.cpp">
      <Filter>main\src</Filter>
    </ClCompile>
    <ClCompile Include="..\src\Direct3DDevice8.cpp">
      <Filter>main\src</Filter>
    </ClCompile>
    <ClCompile Include="..\src\Direct3DIndexBuffer8.cpp">
      <Filter>main\src</Filter>
    </ClCompile>
    <ClCompile Include="..\src\Direct3DSurface8.cpp">
      <Filter>main\src</Filter>
    </ClCompile>
    <ClCompile Include="..\src\Direct3DSwapChain8.cpp">
      <Filter>main\src</Filter>
    </ClCompile>
    <ClCompile Include="..\src\Direct3DTexture8.cpp">
      <Filter>main\src</Filter>
    </ClCompile>
    <ClCompile Include="..\src\Direct3DVertexBuffer8.cpp">
      <Filter>main\src</Filter>
    </ClCompile>
    <ClCompile Include="..\src\Direct3DVolume8.cpp">
      <Filter>main\src</Filter>
    </ClCompile>
    <ClCompile Include="..\src\Direct3DVolumeTexture8.cpp">
      <Filter>main\src</Filter>
    </ClCompile>
    <ClCompile Include="..\src\Direct3DCreate8.cpp">
      <Filter>misc\src</Filter>
    </ClCompile>
    <ClCompile Include="..\src\SpinLock.cpp">
      <Filter>misc\src</Filter>
    </ClCompile>
    <ClCompile Include="..\src\Direct3D8Guid.cpp">
      <Filter>misc\src</Filter>
    </ClCompile>
    <ClCompile Include="..\src\PostProcessHandler.cpp">
      <Filter>effect\PostProcess</Filter>
    </ClCompile>
    <ClCompile Include="..\src\DebugUtils.cpp">
      <Filter>effect\utils</Filter>
    </ClCompile>
    <ClCompile Include="..\src\SysUtils.cpp">
      <Filter>effect\utils</Filter>
    </ClCompile>
    <ClCompile Include="..\src\NormalMapExceptionHandler.cpp">
      <Filter>effect\NormalMap</Filter>
    </ClCompile>
    <ClCompile Include="..\src\TextureTable.cpp">
      <Filter>effect\NormalMap\data</Filter>
    </ClCompile>
    <ClCompile Include="..\src\TextureException.cpp">
      <Filter>effect\NormalMap\data</Filter>
    </ClCompile>
    <ClCompile Include="..\src\NormalMapHandler.cpp">
      <Filter>effect\NormalMap</Filter>
    </ClCompile>
    <ClCompile Include="..\src\PostProcessBloom.cpp">
      <Filter>effect\PostProcess\effect</Filter>
    </ClCompile>
    <ClCompile Include="..\src\PostProcessSMAA.cpp">
      <Filter>effect\PostProcess\effect</Filter>
    </ClCompile>
    <ClCompile Include="..\src\HDRScene.cpp">
      <Filter>effect\HDR</Filter>
    </ClCompile>
    <ClCompile Include="..\src\PostProcessHDR.cpp">
      <Filter>effect\PostProcess\effect</Filter>
    </ClCompile>
    <ClCompile Include="..\src\NormalMapData.cpp">
      <Filter>effect\NormalMap\data</Filter>
    </ClCompile>
    <ClCompile Include="..\src\PostProcess.cpp">
      <Filter>effect\PostProcess\effect</Filter>
    </ClCompile>
    <ClCompile Include="..\src\ExceptionalMeshTable.cpp">
      <Filter>effect\NormalMap\data</Filter>
    </ClCompile>
    <ClCompile Include="..\src\ShadowVolume.cpp">
      <Filter>effect\ShadowVolume</Filter>
    </ClCompile>
    <ClCompile Include="..\src\ShadowVolumeHandler.cpp">
      <Filter>effect\ShadowVolume</Filter>
    </ClCompile>
    <ClCompile Include="..\src\ShadowTable.cpp">
      <Filter>effect\ShadowVolume\data</Filter>
    </ClCompile>
    <ClCompile Include="..\src\ShadowData.cpp">
      <Filter>effect\ShadowVolume\data</Filter>
    </ClCompile>
    <ClCompile Include="..\src\RenderStageController.cpp">
      <Filter>effect</Filter>
    </ClCompile>
    <ClCompile Include="..\src\EffectController.cpp">
      <Filter>effect</Filter>
    </ClCompile>
    <ClCompile Include="..\src\DxUtils.cpp">
      <Filter>effect\utils</Filter>
    </ClCompile>
    <ClCompile Include="..\src\ShadowType.cpp">
      <Filter>effect\ShadowVolume</Filter>
    </ClCompile>
  </ItemGroup>
  <ItemGroup>
    <ClInclude Include="..\src\Direct3D8.h">
      <Filter>main\inc</Filter>
    </ClInclude>
    <ClInclude Include="..\src\Direct3DBaseTexture8.h">
      <Filter>main\inc</Filter>
    </ClInclude>
    <ClInclude Include="..\src\Direct3DDevice8.h">
      <Filter>main\inc</Filter>
    </ClInclude>
    <ClInclude Include="..\src\Direct3DIndexBuffer8.h">
      <Filter>main\inc</Filter>
    </ClInclude>
    <ClInclude Include="..\src\Direct3DSurface8.h">
      <Filter>main\inc</Filter>
    </ClInclude>
    <ClInclude Include="..\src\Direct3DSwapChain8.h">
      <Filter>main\inc</Filter>
    </ClInclude>
    <ClInclude Include="..\src\Direct3DVolumeTexture8.h">
      <Filter>main\inc</Filter>
    </ClInclude>
    <ClInclude Include="..\src\Direct3DVolume8.h">
      <Filter>main\inc</Filter>
    </ClInclude>
    <ClInclude Include="..\src\Direct3DVertexBuffer8.h">
      <Filter>main\inc</Filter>
    </ClInclude>
    <ClInclude Include="..\src\Direct3DTexture8.h">
      <Filter>main\inc</Filter>
    </ClInclude>
    <ClInclude Include="..\src\ComptrGurad.h">
      <Filter>misc\inc</Filter>
    </ClInclude>
    <ClInclude Include="..\src\Direct3D8to9.h">
      <Filter>misc\inc</Filter>
    </ClInclude>
    <ClInclude Include="..\src\Direct3D8to9Caps.h">
      <Filter>misc\inc</Filter>
    </ClInclude>
    <ClInclude Include="..\src\Direct3D8to9Types.h">
      <Filter>misc\inc</Filter>
    </ClInclude>
    <ClInclude Include="..\src\ObjectPool.h">
      <Filter>misc\inc</Filter>
    </ClInclude>
    <ClInclude Include="..\src\SpinLock.h">
      <Filter>misc\inc</Filter>
    </ClInclude>
    <ClInclude Include="..\src\Direct3D8to9Guid.h">
      <Filter>misc\inc</Filter>
    </ClInclude>
    <ClInclude Include="..\src\Direct3DCubeTexture8.h">
      <Filter>main\inc</Filter>
    </ClInclude>
    <ClInclude Include="..\src\DebugUtils.h">
      <Filter>effect\utils</Filter>
    </ClInclude>
    <ClInclude Include="..\src\SysUtils.h">
      <Filter>effect\utils</Filter>
    </ClInclude>
    <ClInclude Include="..\src\NormalMapHandler.h">
      <Filter>effect\NormalMap</Filter>
    </ClInclude>
    <ClInclude Include="..\src\NormalMapExceptionHandler.h">
      <Filter>effect\NormalMap</Filter>
    </ClInclude>
    <ClInclude Include="..\src\TextureException.h">
      <Filter>effect\NormalMap\data</Filter>
    </ClInclude>
    <ClInclude Include="..\src\TextureTable.h">
      <Filter>effect\NormalMap\data</Filter>
    </ClInclude>
    <ClInclude Include="..\src\ShaderResource.h">
      <Filter>effect\PostProcess</Filter>
    </ClInclude>
    <ClInclude Include="..\src\PostProcessHandler.h">
      <Filter>effect\PostProcess</Filter>
    </ClInclude>
    <ClInclude Include="..\src\PostProcessBloom.h">
      <Filter>effect\PostProcess\effect</Filter>
    </ClInclude>
    <ClInclude Include="..\src\PostProcessSMAA.h">
      <Filter>effect\PostProcess\effect</Filter>
    </ClInclude>
    <ClInclude Include="..\res\SMAA.h">
      <Filter>effect\shaders</Filter>
    </ClInclude>
    <ClInclude Include="resource.h">
      <Filter>misc\other</Filter>
    </ClInclude>
    <ClInclude Include="..\src\AreaTex.h">
      <Filter>effect\PostProcess\effect</Filter>
    </ClInclude>
    <ClInclude Include="..\src\SearchTex.h">
      <Filter>effect\PostProcess\effect</Filter>
    </ClInclude>
    <ClInclude Include="..\src\HDRScene.h">
      <Filter>effect\HDR</Filter>
    </ClInclude>
    <ClInclude Include="..\src\compiler.h">
      <Filter>effect\utils</Filter>
    </ClInclude>
    <ClInclude Include="..\src\PostProcessHDR.h">
      <Filter>effect\PostProcess\effect</Filter>
    </ClInclude>
    <ClInclude Include="..\src\ExceptionalMeshTable.h">
      <Filter>effect\NormalMap\data</Filter>
    </ClInclude>
    <ClInclude Include="..\src\ShadowVolume.h">
      <Filter>effect\ShadowVolume</Filter>
    </ClInclude>
    <ClInclude Include="..\src\ShadowVolumeHandler.h">
      <Filter>effect\ShadowVolume</Filter>
    </ClInclude>
    <ClInclude Include="..\src\ShadowTable.h">
      <Filter>effect\ShadowVolume\data</Filter>
    </ClInclude>
    <ClInclude Include="..\src\RenderStageController.h">
      <Filter>effect</Filter>
    </ClInclude>
    <ClInclude Include="..\src\EffectController.h">
      <Filter>effect</Filter>
    </ClInclude>
    <ClInclude Include="..\src\DxUtils.h">
      <Filter>effect\utils</Filter>
    </ClInclude>
    <ClInclude Include="..\src\PostProcess.h">
      <Filter>effect\PostProcess\effect</Filter>
    </ClInclude>
    <ClInclude Include="..\src\Nirvana_ext_export.h">
      <Filter>effect</Filter>
    </ClInclude>
    <ClInclude Include="..\src\ShadowType.h">
      <Filter>effect\ShadowVolume</Filter>
    </ClInclude>
  </ItemGroup>
  <ItemGroup>
    <ResourceCompile Include="Direct3D8to9.rc">
      <Filter>misc\other</Filter>
    </ResourceCompile>
  </ItemGroup>
  <ItemGroup>
    <None Include="Direct3D8to9.def">
      <Filter>misc\other</Filter>
    </None>
    <None Include="..\res\PP_ColorBloomH.fx">
      <Filter>effect\shaders</Filter>
    </None>
    <None Include="..\res\SMAA.fx">
      <Filter>effect\shaders</Filter>
    </None>
    <None Include="..\res\AreaTexDX9.dds">
      <Filter>effect\shaders</Filter>
    </None>
    <None Include="..\res\SearchTex.dds">
      <Filter>effect\shaders</Filter>
    </None>
    <None Include="..\res\PP_ColorGBlurH.fx">
      <Filter>effect\shaders</Filter>
    </None>
    <None Include="..\res\PP_ColorBloomV.fx">
      <Filter>effect\shaders</Filter>
    </None>
    <None Include="..\res\PP_ColorUpFilter4.fx">
      <Filter>effect\shaders</Filter>
    </None>
    <None Include="..\res\PP_ColorBrightPass.fx">
      <Filter>effect\shaders</Filter>
    </None>
    <None Include="..\res\PP_ColorCombine.fx">
      <Filter>effect\shaders</Filter>
    </None>
    <None Include="..\res\PP_ColorCombine2.fx">
      <Filter>effect\shaders</Filter>
    </None>
    <None Include="..\res\PP_ColorCombine4.fx">
      <Filter>effect\shaders</Filter>
    </None>
    <None Include="..\res\PP_ColorDownFilter2.fx">
      <Filter>effect\shaders</Filter>
    </None>
    <None Include="..\res\PP_ColorDownFilter4.fx">
      <Filter>effect\shaders</Filter>
    </None>
    <None Include="..\res\PP_ColorGBlurV.fx">
      <Filter>effect\shaders</Filter>
    </None>
    <None Include="..\res\PP_ColorToneMap.fx">
      <Filter>effect\shaders</Filter>
    </None>
    <None Include="..\res\PP_ColorUpFilter2.fx">
      <Filter>effect\shaders</Filter>
    </None>
    <None Include="..\README.md" />
  </ItemGroup>
</Project>